# THIS IS AN AUTOGENERATED FILE. DO NOT EDIT THIS FILE DIRECTLY.
# yarn lockfile v1


JSON@^1.0.0:
  version "1.0.0"
  resolved "https://registry.yarnpkg.com/JSON/-/JSON-1.0.0.tgz#8681531c28f8438a075589ff07248246ea960d8c"
  integrity sha1-hoFTHCj4Q4oHVYn/BySCRuqWDYw=

axios@^0.19.2:
  version "0.19.2"
  resolved "https://registry.yarnpkg.com/axios/-/axios-0.19.2.tgz#3ea36c5d8818d0d5f8a8a97a6d36b86cdc00cb27"
  integrity sha512-fjgm5MvRHLhx+osE2xoekY70AhARk3a6hkN+3Io1jc00jtquGvxYlKlsFUhmUET0V5te6CcZI7lcv2Ym61mjHA==
  dependencies:
    follow-redirects "1.5.10"

debug@=3.1.0:
  version "3.1.0"
  resolved "https://registry.yarnpkg.com/debug/-/debug-3.1.0.tgz#5bb5a0672628b64149566ba16819e61518c67261"
  integrity sha512-OX8XqP7/1a9cqkxYw2yXss15f26NKWBpDXQd0/uK/KPqdQhxbPa994hnzjcE2VqQpDslf55723cKPUOGSmMY3g==
  dependencies:
    ms "2.0.0"

follow-redirects@1.5.10:
  version "1.5.10"
  resolved "https://registry.yarnpkg.com/follow-redirects/-/follow-redirects-1.5.10.tgz#7b7a9f9aea2fdff36786a94ff643ed07f4ff5e2a"
  integrity sha512-0V5l4Cizzvqt5D44aTXbFZz+FtyXV1vrDN6qrelxtfYQKW0KO0W2T/hkE8xvGa/540LkZlkaUjO4ailYTFtHVQ==
  dependencies:
    debug "=3.1.0"

geocodio-library-node@^1.3.0:
  version "1.3.0"
  resolved "https://registry.yarnpkg.com/geocodio-library-node/-/geocodio-library-node-1.3.0.tgz#52db7cb212c25011fcd7526487a2278758b66dc6"
  integrity sha512-mkEzJHQMXAXkj7AbcEcOeI2dHP0ol07ULxbGJgFi+Ixxb8KZZ1qdorpAEM1CmBT7U/yTU/lbB2CZUp9p7JWtpQ==
  dependencies:
    axios "^0.19.2"

ms@2.0.0:
  version "2.0.0"
  resolved "https://registry.yarnpkg.com/ms/-/ms-2.0.0.tgz#5608aeadfc00be6c2901df5f9861788de0d597c8"
  integrity sha1-VgiurfwAvmwpAd9fmGF4jeDVl8g=

node-bin-setup@^1.0.0:
  version "1.0.6"
  resolved "https://registry.yarnpkg.com/node-bin-setup/-/node-bin-setup-1.0.6.tgz#4b5c9bb937ece702d7069b36ca78af4684677528"
  integrity sha512-uPIxXNis1CRbv1DwqAxkgBk5NFV3s7cMN/Gf556jSw6jBvV7ca4F9lRL/8cALcZecRibeqU+5dFYqFFmzv5a0Q==

node@^14.5.0:
  version "14.5.0"
  resolved "https://registry.yarnpkg.com/node/-/node-14.5.0.tgz#9b41f8e6790225a6ffae0ff3e355cad55c745c65"
  integrity sha512-WxjuzzP5rI3yM/TUdajF4FzKUorUYIOtcNlsMh9a/JX5YsCBS/I2PdEe03F80Nnyfd9qZTjKnTV9XuQuuOYc6Q==
  dependencies:
    node-bin-setup "^1.0.0"

point-in-polygon@^1.0.1:
  version "1.0.1"
  resolved "https://registry.yarnpkg.com/point-in-polygon/-/point-in-polygon-1.0.1.tgz#d59b64e8fee41c49458aac82b56718c5957b2af7"
  integrity sha1-1Ztk6P7kHElFiqyCtWcYxZV7Kvc=
